
Microsoft Visual Studio Solution File, Format Version 12.00
# Visual Studio Version 17
VisualStudioVersion = 17.2.32630.192
MinimumVisualStudioVersion = 10.0.40219.1
Project("{9A19103F-16F7-4668-BE54-9A1E7A4F7556}") = "AulasSENAC-01", "AulasSENAC-01\AulasSENAC-01.csproj", "{612CC064-AABA-4476-98D5-6AE76F1E21CF}"
EndProject
Project("{FAE04EC0-301F-11D3-BF4B-00C04F79EFBC}") = "Aula02", "Aula02\Aula02.csproj", "{0BA7EBDA-AAB4-4D20-A324-5E6B7662BBCD}"
EndProject
Project("{FAE04EC0-301F-11D3-BF4B-00C04F79EFBC}") = "App01-SENAC", "App01-SENAC\App01-SENAC.csproj", "{9B4BDB63-0199-4C34-859B-191BAF820895}"
EndProject
Global
	GlobalSection(SolutionConfigurationPlatforms) = preSolution
		Debug|Any CPU = Debug|Any CPU
		Release|Any CPU = Release|Any CPU
	EndGlobalSection
	GlobalSection(ProjectConfigurationPlatforms) = postSolution
		{612CC064-AABA-4476-98D5-6AE76F1E21CF}.Debug|Any CPU.ActiveCfg = Debug|Any CPU
		{612CC064-AABA-4476-98D5-6AE76F1E21CF}.Debug|Any CPU.Build.0 = Debug|Any CPU
		{612CC064-AABA-4476-98D5-6AE76F1E21CF}.Release|Any CPU.ActiveCfg = Release|Any CPU
		{612CC064-AABA-4476-98D5-6AE76F1E21CF}.Release|Any CPU.Build.0 = Release|Any CPU
		{0BA7EBDA-AAB4-4D20-A324-5E6B7662BBCD}.Debug|Any CPU.ActiveCfg = Debug|Any CPU
		{0BA7EBDA-AAB4-4D20-A324-5E6B7662BBCD}.Debug|Any CPU.Build.0 = Debug|Any CPU
		{0BA7EBDA-AAB4-4D20-A324-5E6B7662BBCD}.Release|Any CPU.ActiveCfg = Release|Any CPU
		{0BA7EBDA-AAB4-4D20-A324-5E6B7662BBCD}.Release|Any CPU.Build.0 = Release|Any CPU
		{9B4BDB63-0199-4C34-859B-191BAF820895}.Debug|Any CPU.ActiveCfg = Debug|Any CPU
		{9B4BDB63-0199-4C34-859B-191BAF820895}.Debug|Any CPU.Build.0 = Debug|Any CPU
		{9B4BDB63-0199-4C34-859B-191BAF820895}.Release|Any CPU.ActiveCfg = Release|Any CPU
		{9B4BDB63-0199-4C34-859B-191BAF820895}.Release|Any CPU.Build.0 = Release|Any CPU
	EndGlobalSection
	GlobalSection(SolutionProperties) = preSolution
		HideSolutionNode = FALSE
	EndGlobalSection
	GlobalSection(ExtensibilityGlobals) = postSolution
		SolutionGuid = {D166F69D-489F-4D64-B526-677284BCE847}
	EndGlobalSection
EndGlobal
